// !$*UTF8*$!
{
	archiveVersion = 1;
	classes = {
	};
	objectVersion = 46;
	objects = {

/* Begin PBXBuildFile section */
		361EF5C51F0FEE1200DB7512 /* AppDelegate.swift in Sources */ = {isa = PBXBuildFile; fileRef = 361EF5C41F0FEE1200DB7512 /* AppDelegate.swift */; };
		361EF5C71F0FEE1200DB7512 /* TableViewController.swift in Sources */ = {isa = PBXBuildFile; fileRef = 361EF5C61F0FEE1200DB7512 /* TableViewController.swift */; };
		361EF5CA1F0FEE1200DB7512 /* Main.storyboard in Resources */ = {isa = PBXBuildFile; fileRef = 361EF5C81F0FEE1200DB7512 /* Main.storyboard */; };
		361EF5CC1F0FEE1200DB7512 /* Assets.xcassets in Resources */ = {isa = PBXBuildFile; fileRef = 361EF5CB1F0FEE1200DB7512 /* Assets.xcassets */; };
		361EF5CF1F0FEE1200DB7512 /* LaunchScreen.storyboard in Resources */ = {isa = PBXBuildFile; fileRef = 361EF5CD1F0FEE1200DB7512 /* LaunchScreen.storyboard */; };
		361EF5DD1F10027800DB7512 /* DisplayViewController.swift in Sources */ = {isa = PBXBuildFile; fileRef = 361EF5DC1F10027800DB7512 /* DisplayViewController.swift */; };
		361EF6221F103BA000DB7512 /* CoreDataHelper.swift in Sources */ = {isa = PBXBuildFile; fileRef = 361EF6211F103BA000DB7512 /* CoreDataHelper.swift */; };
		362C7F1F1F183BA200E2C4D1 /* Date+convertToString.swift in Sources */ = {isa = PBXBuildFile; fileRef = 362C7F1E1F183BA200E2C4D1 /* Date+convertToString.swift */; };
		362C7F271F1920A200E2C4D1 /* CoreData.xcdatamodeld in Sources */ = {isa = PBXBuildFile; fileRef = 362C7F251F1920A200E2C4D1 /* CoreData.xcdatamodeld */; };
/* End PBXBuildFile section */

/* Begin PBXFileReference section */
		361EF5C11F0FEE1200DB7512 /* toDoApp.app */ = {isa = PBXFileReference; explicitFileType = wrapper.application; includeInIndex = 0; path = toDoApp.app; sourceTree = BUILT_PRODUCTS_DIR; };
		361EF5C41F0FEE1200DB7512 /* AppDelegate.swift */ = {isa = PBXFileReference; lastKnownFileType = sourcecode.swift; path = AppDelegate.swift; sourceTree = "<group>"; };
		361EF5C61F0FEE1200DB7512 /* TableViewController.swift */ = {isa = PBXFileReference; lastKnownFileType = sourcecode.swift; path = TableViewController.swift; sourceTree = "<group>"; };
		361EF5C91F0FEE1200DB7512 /* Base */ = {isa = PBXFileReference; lastKnownFileType = file.storyboard; name = Base; path = Base.lproj/Main.storyboard; sourceTree = "<group>"; };
		361EF5CB1F0FEE1200DB7512 /* Assets.xcassets */ = {isa = PBXFileReference; lastKnownFileType = folder.assetcatalog; path = Assets.xcassets; sourceTree = "<group>"; };
		361EF5CE1F0FEE1200DB7512 /* Base */ = {isa = PBXFileReference; lastKnownFileType = file.storyboard; name = Base; path = Base.lproj/LaunchScreen.storyboard; sourceTree = "<group>"; };
		361EF5D01F0FEE1200DB7512 /* Info.plist */ = {isa = PBXFileReference; lastKnownFileType = text.plist.xml; path = Info.plist; sourceTree = "<group>"; };
		361EF5DC1F10027800DB7512 /* DisplayViewController.swift */ = {isa = PBXFileReference; fileEncoding = 4; lastKnownFileType = sourcecode.swift; path = DisplayViewController.swift; sourceTree = "<group>"; };
		361EF61F1F103B8E00DB7512 /* CoreData1.xcdatamodel */ = {isa = PBXFileReference; lastKnownFileType = wrapper.xcdatamodel; path = CoreData1.xcdatamodel; sourceTree = "<group>"; };
		361EF6211F103BA000DB7512 /* CoreDataHelper.swift */ = {isa = PBXFileReference; fileEncoding = 4; lastKnownFileType = sourcecode.swift; path = CoreDataHelper.swift; sourceTree = "<group>"; };
		362C7F1E1F183BA200E2C4D1 /* Date+convertToString.swift */ = {isa = PBXFileReference; fileEncoding = 4; lastKnownFileType = sourcecode.swift; name = "Date+convertToString.swift"; path = "toDoApp/Date+convertToString.swift"; sourceTree = "<group>"; };
		362C7F201F183BE000E2C4D1 /* tableViewCell.swift */ = {isa = PBXFileReference; fileEncoding = 4; lastKnownFileType = sourcecode.swift; name = tableViewCell.swift; path = toDoApp/tableViewCell.swift; sourceTree = "<group>"; };
		362C7F261F1920A200E2C4D1 /* CoreData.xcdatamodel */ = {isa = PBXFileReference; lastKnownFileType = wrapper.xcdatamodel; path = CoreData.xcdatamodel; sourceTree = "<group>"; };
/* End PBXFileReference section */

/* Begin PBXFrameworksBuildPhase section */
		361EF5BE1F0FEE1200DB7512 /* Frameworks */ = {
			isa = PBXFrameworksBuildPhase;
			buildActionMask = 2147483647;
			files = (
			);
			runOnlyForDeploymentPostprocessing = 0;
		};
/* End PBXFrameworksBuildPhase section */

/* Begin PBXGroup section */
		361EF5B81F0FEE1200DB7512 = {
			isa = PBXGroup;
			children = (
				361EF5DB1F10019D00DB7512 /* extension */,
				361EF5D61F0FEE2300DB7512 /* views */,
				361EF5C31F0FEE1200DB7512 /* toDoApp */,
				361EF5C21F0FEE1200DB7512 /* Products */,
			);
			sourceTree = "<group>";
		};
		361EF5C21F0FEE1200DB7512 /* Products */ = {
			isa = PBXGroup;
			children = (
				361EF5C11F0FEE1200DB7512 /* toDoApp.app */,
			);
			name = Products;
			sourceTree = "<group>";
		};
		361EF5C31F0FEE1200DB7512 /* toDoApp */ = {
			isa = PBXGroup;
			children = (
				361EF5C41F0FEE1200DB7512 /* AppDelegate.swift */,
				361EF5C61F0FEE1200DB7512 /* TableViewController.swift */,
				361EF61E1F103B8E00DB7512 /* CoreData1.xcdatamodeld */,
				361EF6211F103BA000DB7512 /* CoreDataHelper.swift */,
				361EF5C81F0FEE1200DB7512 /* Main.storyboard */,
				361EF5DC1F10027800DB7512 /* DisplayViewController.swift */,
				361EF5CB1F0FEE1200DB7512 /* Assets.xcassets */,
				361EF5CD1F0FEE1200DB7512 /* LaunchScreen.storyboard */,
				361EF5D01F0FEE1200DB7512 /* Info.plist */,
				362C7F251F1920A200E2C4D1 /* CoreData.xcdatamodeld */,
			);
			path = toDoApp;
			sourceTree = "<group>";
		};
		361EF5D61F0FEE2300DB7512 /* views */ = {
			isa = PBXGroup;
			children = (
				362C7F201F183BE000E2C4D1 /* tableViewCell.swift */,
			);
			name = views;
			sourceTree = "<group>";
		};
		361EF5DB1F10019D00DB7512 /* extension */ = {
			isa = PBXGroup;
			children = (
				362C7F1E1F183BA200E2C4D1 /* Date+convertToString.swift */,
			);
			name = extension;
			sourceTree = "<group>";
		};
/* End PBXGroup section */

/* Begin PBXNativeTarget section */
		361EF5C01F0FEE1200DB7512 /* toDoApp */ = {
			isa = PBXNativeTarget;
			buildConfigurationList = 361EF5D31F0FEE1200DB7512 /* Build configuration list for PBXNativeTarget "toDoApp" */;
			buildPhases = (
				361EF5BD1F0FEE1200DB7512 /* Sources */,
				361EF5BE1F0FEE1200DB7512 /* Frameworks */,
				361EF5BF1F0FEE1200DB7512 /* Resources */,
			);
			buildRules = (
			);
			dependencies = (
			);
			name = toDoApp;
			productName = toDoApp;
			productReference = 361EF5C11F0FEE1200DB7512 /* toDoApp.app */;
			productType = "com.apple.product-type.application";
		};
/* End PBXNativeTarget section */

/* Begin PBXProject section */
		361EF5B91F0FEE1200DB7512 /* Project object */ = {
			isa = PBXProject;
			attributes = {
				LastSwiftUpdateCheck = 0830;
				LastUpgradeCheck = 0830;
				ORGANIZATIONNAME = camille_mille;
				TargetAttributes = {
					361EF5C01F0FEE1200DB7512 = {
						CreatedOnToolsVersion = 8.3.3;
						DevelopmentTeam = 5SLFUP238X;
						ProvisioningStyle = Automatic;
					};
				};
			};
			buildConfigurationList = 361EF5BC1F0FEE1200DB7512 /* Build configuration list for PBXProject "toDoApp" */;
			compatibilityVersion = "Xcode 3.2";
			developmentRegion = English;
			hasScannedForEncodings = 0;
			knownRegions = (
				en,
				Base,
			);
			mainGroup = 361EF5B81F0FEE1200DB7512;
			productRefGroup = 361EF5C21F0FEE1200DB7512 /* Products */;
			projectDirPath = "";
			projectRoot = "";
			targets = (
				361EF5C01F0FEE1200DB7512 /* toDoApp */,
			);
		};
/* End PBXProject section */

/* Begin PBXResourcesBuildPhase section */
		361EF5BF1F0FEE1200DB7512 /* Resources */ = {
			isa = PBXResourcesBuildPhase;
			buildActionMask = 2147483647;
			files = (
				361EF5CF1F0FEE1200DB7512 /* LaunchScreen.storyboard in Resources */,
				361EF5CC1F0FEE1200DB7512 /* Assets.xcassets in Resources */,
				361EF5CA1F0FEE1200DB7512 /* Main.storyboard in Resources */,
			);
			runOnlyForDeploymentPostprocessing = 0;
		};
/* End PBXResourcesBuildPhase section */

/* Begin PBXSourcesBuildPhase section */
		361EF5BD1F0FEE1200DB7512 /* Sources */ = {
			isa = PBXSourcesBuildPhase;
			buildActionMask = 2147483647;
			files = (
				362C7F271F1920A200E2C4D1 /* CoreData.xcdatamodeld in Sources */,
				361EF5DD1F10027800DB7512 /* DisplayViewController.swift in Sources */,
				362C7F1F1F183BA200E2C4D1 /* Date+convertToString.swift in Sources */,
				361EF5C71F0FEE1200DB7512 /* TableViewController.swift in Sources */,
				361EF6221F103BA000DB7512 /* CoreDataHelper.swift in Sources */,
				361EF5C51F0FEE1200DB7512 /* AppDelegate.swift in Sources */,
			);
			runOnlyForDeploymentPostprocessing = 0;
		};
/* End PBXSourcesBuildPhase section */

/* Begin PBXVariantGroup section */
		361EF5C81F0FEE1200DB7512 /* Main.storyboard */ = {
			isa = PBXVariantGroup;
			children = (
				361EF5C91F0FEE1200DB7512 /* Base */,
			);
			name = Main.storyboard;
			sourceTree = "<group>";
		};
		361EF5CD1F0FEE1200DB7512 /* LaunchScreen.storyboard */ = {
			isa = PBXVariantGroup;
			children = (
				361EF5CE1F0FEE1200DB7512 /* Base */,
			);
			name = LaunchScreen.storyboard;
			sourceTree = "<group>";
		};
/* End PBXVariantGroup section */

/* Begin XCBuildConfiguration section */
		361EF5D11F0FEE1200DB7512 /* Debug */ = {
			isa = XCBuildConfiguration;
			buildSettings = {
				ALWAYS_SEARCH_USER_PATHS = NO;
				CLANG_ANALYZER_NONNULL = YES;
				CLANG_ANALYZER_NUMBER_OBJECT_CONVERSION = YES_AGGRESSIVE;
				CLANG_CXX_LANGUAGE_STANDARD = "gnu++0x";
				CLANG_CXX_LIBRARY = "libc++";
				CLANG_ENABLE_MODULES = YES;
				CLANG_ENABLE_OBJC_ARC = YES;
				CLANG_WARN_BOOL_CONVERSION = YES;
				CLANG_WARN_CONSTANT_CONVERSION = YES;
				CLANG_WARN_DIRECT_OBJC_ISA_USAGE = YES_ERROR;
				CLANG_WARN_DOCUMENTATION_COMMENTS = YES;
				CLANG_WARN_EMPTY_BODY = YES;
				CLANG_WARN_ENUM_CONVERSION = YES;
				CLANG_WARN_INFINITE_RECURSION = YES;
				CLANG_WARN_INT_CONVERSION = YES;
				CLANG_WARN_OBJC_ROOT_CLASS = YES_ERROR;
				CLANG_WARN_SUSPICIOUS_MOVE = YES;
				CLANG_WARN_UNREACHABLE_CODE = YES;
				CLANG_WARN__DUPLICATE_METHOD_MATCH = YES;
				"CODE_SIGN_IDENTITY[sdk=iphoneos*]" = "iPhone Developer";
				COPY_PHASE_STRIP = NO;
				DEBUG_INFORMATION_FORMAT = dwarf;
				ENABLE_STRICT_OBJC_MSGSEND = YES;
				ENABLE_TESTABILITY = YES;
				GCC_C_LANGUAGE_STANDARD = gnu99;
				GCC_DYNAMIC_NO_PIC = NO;
				GCC_NO_COMMON_BLOCKS = YES;
				GCC_OPTIMIZATION_LEVEL = 0;
				GCC_PREPROCESSOR_DEFINITIONS = (
					"DEBUG=1",
					"$(inherited)",
				);
				GCC_WARN_64_TO_32_BIT_CONVERSION = YES;
				GCC_WARN_ABOUT_RETURN_TYPE = YES_ERROR;
				GCC_WARN_UNDECLARED_SELECTOR = YES;
				GCC_WARN_UNINITIALIZED_AUTOS = YES_AGGRESSIVE;
				GCC_WARN_UNUSED_FUNCTION = YES;
				GCC_WARN_UNUSED_VARIABLE = YES;
				INFOPLIST_FILE = toDoApp/Info.plist;
				INFOPLIST_PREPROCESS = NO;
				IPHONEOS_DEPLOYMENT_TARGET = 10.3;
				MTL_ENABLE_DEBUG_INFO = YES;
				ONLY_ACTIVE_ARCH = YES;
				PRODUCT_NAME = toDoApp;
				SDKROOT = iphoneos;
				SWIFT_ACTIVE_COMPILATION_CONDITIONS = DEBUG;
				SWIFT_OPTIMIZATION_LEVEL = "-Onone";
			};
			name = Debug;
		};
		361EF5D21F0FEE1200DB7512 /* Release */ = {
			isa = XCBuildConfiguration;
			buildSettings = {
				ALWAYS_SEARCH_USER_PATHS = NO;
				CLANG_ANALYZER_NONNULL = YES;
				CLANG_ANALYZER_NUMBER_OBJECT_CONVERSION = YES_AGGRESSIVE;
				CLANG_CXX_LANGUAGE_STANDARD = "gnu++0x";
				CLANG_CXX_LIBRARY = "libc++";
				CLANG_ENABLE_MODULES = YES;
				CLANG_ENABLE_OBJC_ARC = YES;
				CLANG_WARN_BOOL_CONVERSION = YES;
				CLANG_WARN_CONSTANT_CONVERSION = YES;
				CLANG_WARN_DIRECT_OBJC_ISA_USAGE = YES_ERROR;
				CLANG_WARN_DOCUMENTATION_COMMENTS = YES;
				CLANG_WARN_EMPTY_BODY = YES;
				CLANG_WARN_ENUM_CONVERSION = YES;
				CLANG_WARN_INFINITE_RECURSION = YES;
				CLANG_WARN_INT_CONVERSION = YES;
				CLANG_WARN_OBJC_ROOT_CLASS = YES_ERROR;
				CLANG_WARN_SUSPICIOUS_MOVE = YES;
				CLANG_WARN_UNREACHABLE_CODE = YES;
				CLANG_WARN__DUPLICATE_METHOD_MATCH = YES;
				"CODE_SIGN_IDENTITY[sdk=iphoneos*]" = "iPhone Developer";
				COPY_PHASE_STRIP = NO;
				DEBUG_INFORMATION_FORMAT = "dwarf-with-dsym";
				ENABLE_NS_ASSERTIONS = NO;
				ENABLE_STRICT_OBJC_MSGSEND = YES;
				GCC_C_LANGUAGE_STANDARD = gnu99;
				GCC_NO_COMMON_BLOCKS = YES;
				GCC_WARN_64_TO_32_BIT_CONVERSION = YES;
				GCC_WARN_ABOUT_RETURN_TYPE = YES_ERROR;
				GCC_WARN_UNDECLARED_SELECTOR = YES;
				GCC_WARN_UNINITIALIZED_AUTOS = YES_AGGRESSIVE;
				GCC_WARN_UNUSED_FUNCTION = YES;
				GCC_WARN_UNUSED_VARIABLE = YES;
				INFOPLIST_FILE = toDoApp/Info.plist;
				INFOPLIST_PREPROCESS = NO;
				IPHONEOS_DEPLOYMENT_TARGET = 10.3;
				MTL_ENABLE_DEBUG_INFO = NO;
				PRODUCT_NAME = toDoApp;
				SDKROOT = iphoneos;
				SWIFT_OPTIMIZATION_LEVEL = "-Owholemodule";
				VALIDATE_PRODUCT = YES;
			};
			name = Release;
		};
		361EF5D41F0FEE1200DB7512 /* Debug */ = {
			isa = XCBuildConfiguration;
			buildSettings = {
				ASSETCATALOG_COMPILER_APPICON_NAME = AppIcon;
				DEVELOPMENT_TEAM = 5SLFUP238X;
				EMBED_ASSET_PACKS_IN_PRODUCT_BUNDLE = YES;
				INFOPLIST_FILE = toDoApp/Info.plist;
				LD_RUNPATH_SEARCH_PATHS = "$(inherited) @executable_path/Frameworks";
				PRODUCT_BUNDLE_IDENTIFIER = com.camille.toDoApp;
				PRODUCT_NAME = "$(TARGET_NAME)";
				SWIFT_VERSION = 3.0;
			};
			name = Debug;
		};
		361EF5D51F0FEE1200DB7512 /* Release */ = {
			isa = XCBuildConfiguration;
			buildSettings = {
				ASSETCATALOG_COMPILER_APPICON_NAME = AppIcon;
				DEVELOPMENT_TEAM = 5SLFUP238X;
				EMBED_ASSET_PACKS_IN_PRODUCT_BUNDLE = YES;
				GCC_OPTIMIZATION_LEVEL = 0;
				INFOPLIST_FILE = toDoApp/Info.plist;
				LD_RUNPATH_SEARCH_PATHS = "$(inherited) @executable_path/Frameworks";
				PRODUCT_BUNDLE_IDENTIFIER = com.camille.toDoApp;
				PRODUCT_NAME = "$(TARGET_NAME)";
				SWIFT_VERSION = 3.0;
			};
			name = Release;
		};
/* End XCBuildConfiguration section */

/* Begin XCConfigurationList section */
		361EF5BC1F0FEE1200DB7512 /* Build configuration list for PBXProject "toDoApp" */ = {
			isa = XCConfigurationList;
			buildConfigurations = (
				361EF5D11F0FEE1200DB7512 /* Debug */,
				361EF5D21F0FEE1200DB7512 /* Release */,
			);
			defaultConfigurationIsVisible = 0;
			defaultConfigurationName = Release;
		};
		361EF5D31F0FEE1200DB7512 /* Build configuration list for PBXNativeTarget "toDoApp" */ = {
			isa = XCConfigurationList;
			buildConfigurations = (
				361EF5D41F0FEE1200DB7512 /* Debug */,
				361EF5D51F0FEE1200DB7512 /* Release */,
			);
			defaultConfigurationIsVisible = 0;
			defaultConfigurationName = Release;
		};
/* End XCConfigurationList section */

/* Begin XCVersionGroup section */
		361EF61E1F103B8E00DB7512 /* CoreData1.xcdatamodeld */ = {
			isa = XCVersionGroup;
			children = (
				361EF61F1F103B8E00DB7512 /* CoreData1.xcdatamodel */,
			);
			currentVersion = 361EF61F1F103B8E00DB7512 /* CoreData1.xcdatamodel */;
			path = CoreData1.xcdatamodeld;
			sourceTree = "<group>";
			versionGroupType = wrapper.xcdatamodel;
		};
		362C7F251F1920A200E2C4D1 /* CoreData.xcdatamodeld */ = {
			isa = XCVersionGroup;
			children = (
				362C7F261F1920A200E2C4D1 /* CoreData.xcdatamodel */,
			);
			currentVersion = 362C7F261F1920A200E2C4D1 /* CoreData.xcdatamodel */;
			path = CoreData.xcdatamodeld;
			sourceTree = "<group>";
			versionGroupType = wrapper.xcdatamodel;
		};
/* End XCVersionGroup section */
	};
	rootObject = 361EF5B91F0FEE1200DB7512 /* Project object */;
}
